
Microsoft Visual Studio Solution File, Format Version 12.00
# Visual Studio 15
VisualStudioVersion = 15.0.28307.489
MinimumVisualStudioVersion = 10.0.40219.1
Project("{FAE04EC0-301F-11D3-BF4B-00C04F79EFBC}") = "Client", "Client\Client.csproj", "{1938E6E0-BD7A-48D8-86D3-196264D89DA2}"
EndProject
Global
	GlobalSection(SolutionConfigurationPlatforms) = preSolution
		Debug|Any CPU = Debug|Any CPU
		Release|Any CPU = Release|Any CPU
	EndGlobalSection
	GlobalSection(ProjectConfigurationPlatforms) = postSolution
		{1938E6E0-BD7A-48D8-86D3-196264D89DA2}.Debug|Any CPU.ActiveCfg = Debug|Any CPU
		{1938E6E0-BD7A-48D8-86D3-196264D89DA2}.Debug|Any CPU.Build.0 = Debug|Any CPU
		{1938E6E0-BD7A-48D8-86D3-196264D89DA2}.Release|Any CPU.ActiveCfg = Release|Any CPU
		{1938E6E0-BD7A-48D8-86D3-196264D89DA2}.Release|Any CPU.Build.0 = Release|Any CPU
	EndGlobalSection
	GlobalSection(SolutionProperties) = preSolution
		HideSolutionNode = FALSE
	EndGlobalSection
	GlobalSection(ExtensibilityGlobals) = postSolution
		SolutionGuid = {5724AEA6-BFB5-4848-A941-2CE272E52DE3}
	EndGlobalSection
EndGlobal
